
Microsoft Visual Studio Solution File, Format Version 12.00
# Visual Studio 15
VisualStudioVersion = 15.0.27004.2009
MinimumVisualStudioVersion = 10.0.40219.1
Project("{FAE04EC0-301F-11D3-BF4B-00C04F79EFBC}") = "Etohum.NextStep.Web", "Etohum.NextStep.Web\Etohum.NextStep.Web.csproj", "{57BA24B0-103E-40E9-B90C-4D53C5E13302}"
EndProject
Project("{FAE04EC0-301F-11D3-BF4B-00C04F79EFBC}") = "Etohum.NextStep.Data", "Etohum.NextStep.Data\Etohum.NextStep.Data.csproj", "{B752F873-BF8C-47C2-B64A-704A119E846E}"
EndProject
Project("{FAE04EC0-301F-11D3-BF4B-00C04F79EFBC}") = "Etohum.NextStep.MQ", "Etohum.NextStep.MQ\Etohum.NextStep.MQ.csproj", "{F4D4F5B9-546A-419B-B16C-C5681B695FFB}"
EndProject
Project("{FAE04EC0-301F-11D3-BF4B-00C04F79EFBC}") = "Etohum.NextStep.Common", "Etohum.NextStep.Common\Etohum.NextStep.Common.csproj", "{D591B228-BF3D-434B-9BC8-595F8A36EB6D}"
EndProject
Project("{FAE04EC0-301F-11D3-BF4B-00C04F79EFBC}") = "Etohom.NextStep.MqHandler", "Etohom.NextStep.MqHandler\Etohom.NextStep.MqHandler.csproj", "{FCB65B31-9B64-442A-BBD9-A7D4A8B05416}"
EndProject
Global
	GlobalSection(SolutionConfigurationPlatforms) = preSolution
		Debug|Any CPU = Debug|Any CPU
		Release|Any CPU = Release|Any CPU
	EndGlobalSection
	GlobalSection(ProjectConfigurationPlatforms) = postSolution
		{57BA24B0-103E-40E9-B90C-4D53C5E13302}.Debug|Any CPU.ActiveCfg = Debug|Any CPU
		{57BA24B0-103E-40E9-B90C-4D53C5E13302}.Debug|Any CPU.Build.0 = Debug|Any CPU
		{57BA24B0-103E-40E9-B90C-4D53C5E13302}.Release|Any CPU.ActiveCfg = Release|Any CPU
		{57BA24B0-103E-40E9-B90C-4D53C5E13302}.Release|Any CPU.Build.0 = Release|Any CPU
		{B752F873-BF8C-47C2-B64A-704A119E846E}.Debug|Any CPU.ActiveCfg = Debug|Any CPU
		{B752F873-BF8C-47C2-B64A-704A119E846E}.Debug|Any CPU.Build.0 = Debug|Any CPU
		{B752F873-BF8C-47C2-B64A-704A119E846E}.Release|Any CPU.ActiveCfg = Release|Any CPU
		{B752F873-BF8C-47C2-B64A-704A119E846E}.Release|Any CPU.Build.0 = Release|Any CPU
		{F4D4F5B9-546A-419B-B16C-C5681B695FFB}.Debug|Any CPU.ActiveCfg = Debug|Any CPU
		{F4D4F5B9-546A-419B-B16C-C5681B695FFB}.Debug|Any CPU.Build.0 = Debug|Any CPU
		{F4D4F5B9-546A-419B-B16C-C5681B695FFB}.Release|Any CPU.ActiveCfg = Release|Any CPU
		{F4D4F5B9-546A-419B-B16C-C5681B695FFB}.Release|Any CPU.Build.0 = Release|Any CPU
		{D591B228-BF3D-434B-9BC8-595F8A36EB6D}.Debug|Any CPU.ActiveCfg = Debug|Any CPU
		{D591B228-BF3D-434B-9BC8-595F8A36EB6D}.Debug|Any CPU.Build.0 = Debug|Any CPU
		{D591B228-BF3D-434B-9BC8-595F8A36EB6D}.Release|Any CPU.ActiveCfg = Release|Any CPU
		{D591B228-BF3D-434B-9BC8-595F8A36EB6D}.Release|Any CPU.Build.0 = Release|Any CPU
		{FCB65B31-9B64-442A-BBD9-A7D4A8B05416}.Debug|Any CPU.ActiveCfg = Debug|Any CPU
		{FCB65B31-9B64-442A-BBD9-A7D4A8B05416}.Debug|Any CPU.Build.0 = Debug|Any CPU
		{FCB65B31-9B64-442A-BBD9-A7D4A8B05416}.Release|Any CPU.ActiveCfg = Release|Any CPU
		{FCB65B31-9B64-442A-BBD9-A7D4A8B05416}.Release|Any CPU.Build.0 = Release|Any CPU
	EndGlobalSection
	GlobalSection(SolutionProperties) = preSolution
		HideSolutionNode = FALSE
	EndGlobalSection
	GlobalSection(ExtensibilityGlobals) = postSolution
		SolutionGuid = {06D8A0F6-F707-4690-9411-2D52AC3C941F}
	EndGlobalSection
EndGlobal
